{
  "meteor": {},
  "dependencies": {
    "basePackages": {
      "moment": {},
      "bootboxjs": {},
      "timesync": {
        "path": "../../meteor-timesync"
      },
      "user-status": {
        "path": ".."
      },
      "accounts-testing": {
        "path": "../../../meteor-accounts-testing"
      }
    },
    "packages": {
      "moment": {
        "git": "https://github.com/acreeger/meteor-moment.git",
        "tag": "v2.6.0",
        "commit": "26156df681750fd6e6ed77043eef32b6653ebbdf"
      },
      "bootboxjs": {
        "git": "https://github.com/TimHeckel/meteor-bootboxjs.git",
        "tag": "v4.2.0",
        "commit": "2b7d18ad028d9e7b37238ecf2a8a7970735cebd1"
      },
      "timesync": {
        "path": "../../meteor-timesync"
      },
      "user-status": {
        "path": ".."
      },
      "accounts-testing": {
        "path": "../../../meteor-accounts-testing"
      },
      "bootstrap-3": {
        "git": "https://github.com/mangasocial/meteor-bootstrap-3.git",
        "tag": "v3.1.1-1",
        "commit": "63dd38968828bb8963636df93e9a1c45e2dfe67e"
      }
    }
  }
}
